
Microsoft Visual Studio Solution File, Format Version 12.00
# Visual Studio Version 17
VisualStudioVersion = 17.10.34916.146
MinimumVisualStudioVersion = 10.0.40219.1
Project("{FAE04EC0-301F-11D3-BF4B-00C04F79EFBC}") = "003_Calculator", "003_Calculator\003_Calculator.csproj", "{6D8FD1BD-A472-4D6F-882B-AE0EE18D5BD2}"
EndProject
Global
	GlobalSection(SolutionConfigurationPlatforms) = preSolution
		Debug|Any CPU = Debug|Any CPU
		Release|Any CPU = Release|Any CPU
	EndGlobalSection
	GlobalSection(ProjectConfigurationPlatforms) = postSolution
		{6D8FD1BD-A472-4D6F-882B-AE0EE18D5BD2}.Debug|Any CPU.ActiveCfg = Debug|Any CPU
		{6D8FD1BD-A472-4D6F-882B-AE0EE18D5BD2}.Debug|Any CPU.Build.0 = Debug|Any CPU
		{6D8FD1BD-A472-4D6F-882B-AE0EE18D5BD2}.Release|Any CPU.ActiveCfg = Release|Any CPU
		{6D8FD1BD-A472-4D6F-882B-AE0EE18D5BD2}.Release|Any CPU.Build.0 = Release|Any CPU
	EndGlobalSection
	GlobalSection(SolutionProperties) = preSolution
		HideSolutionNode = FALSE
	EndGlobalSection
	GlobalSection(ExtensibilityGlobals) = postSolution
		SolutionGuid = {776A0BAC-82CF-4899-8E03-F3D4D5CF6246}
	EndGlobalSection
EndGlobal
