
Microsoft Visual Studio Solution File, Format Version 12.00
# Visual Studio Version 17
VisualStudioVersion = 17.10.34916.146
MinimumVisualStudioVersion = 10.0.40219.1
Project("{FAE04EC0-301F-11D3-BF4B-00C04F79EFBC}") = "002_TextBox", "002_TextBox\002_TextBox.csproj", "{7CAE02AE-D62E-40E5-AE3A-A821C2D21811}"
EndProject
Global
	GlobalSection(SolutionConfigurationPlatforms) = preSolution
		Debug|Any CPU = Debug|Any CPU
		Release|Any CPU = Release|Any CPU
	EndGlobalSection
	GlobalSection(ProjectConfigurationPlatforms) = postSolution
		{7CAE02AE-D62E-40E5-AE3A-A821C2D21811}.Debug|Any CPU.ActiveCfg = Debug|Any CPU
		{7CAE02AE-D62E-40E5-AE3A-A821C2D21811}.Debug|Any CPU.Build.0 = Debug|Any CPU
		{7CAE02AE-D62E-40E5-AE3A-A821C2D21811}.Release|Any CPU.ActiveCfg = Release|Any CPU
		{7CAE02AE-D62E-40E5-AE3A-A821C2D21811}.Release|Any CPU.Build.0 = Release|Any CPU
	EndGlobalSection
	GlobalSection(SolutionProperties) = preSolution
		HideSolutionNode = FALSE
	EndGlobalSection
	GlobalSection(ExtensibilityGlobals) = postSolution
		SolutionGuid = {56EC7DAE-466E-4A22-896D-7CAA02D068FD}
	EndGlobalSection
EndGlobal
